// !$*UTF8*$!
{
	archiveVersion = 1;
	classes = {
	};
	objectVersion = 56;
	objects = {

/* Begin PBXBuildFile section */
		1A28232B2BCF98FE008B2122 /* ReviewViewModel.swift in Sources */ = {isa = PBXBuildFile; fileRef = 1A28232A2BCF98FE008B2122 /* ReviewViewModel.swift */; };
		1A28232D2BCF9D7D008B2122 /* ReviewHeaderCollectionViewCell.swift in Sources */ = {isa = PBXBuildFile; fileRef = 1A28232C2BCF9D7D008B2122 /* ReviewHeaderCollectionViewCell.swift */; };
		1A28232F2BCFA5F3008B2122 /* ReviewCollectionViewCell.swift in Sources */ = {isa = PBXBuildFile; fileRef = 1A28232E2BCFA5F3008B2122 /* ReviewCollectionViewCell.swift */; };
		1A2902D92BCD057700862DAA /* AppDelegate.swift in Sources */ = {isa = PBXBuildFile; fileRef = 1A2902D82BCD057700862DAA /* AppDelegate.swift */; };
		1A2902DB2BCD057700862DAA /* SceneDelegate.swift in Sources */ = {isa = PBXBuildFile; fileRef = 1A2902DA2BCD057700862DAA /* SceneDelegate.swift */; };
		1A2902DD2BCD057700862DAA /* ViewController.swift in Sources */ = {isa = PBXBuildFile; fileRef = 1A2902DC2BCD057700862DAA /* ViewController.swift */; };
		1A2902E02BCD057700862DAA /* Main.storyboard in Resources */ = {isa = PBXBuildFile; fileRef = 1A2902DE2BCD057700862DAA /* Main.storyboard */; };
		1A2902E22BCD057800862DAA /* Assets.xcassets in Resources */ = {isa = PBXBuildFile; fileRef = 1A2902E12BCD057800862DAA /* Assets.xcassets */; };
		1A2902E52BCD057800862DAA /* LaunchScreen.storyboard in Resources */ = {isa = PBXBuildFile; fileRef = 1A2902E32BCD057800862DAA /* LaunchScreen.storyboard */; };
		1A2902F02BCD057800862DAA /* TvMovieDemoAppTests.swift in Sources */ = {isa = PBXBuildFile; fileRef = 1A2902EF2BCD057800862DAA /* TvMovieDemoAppTests.swift */; };
		1A2902FA2BCD057800862DAA /* TvMovieDemoAppUITests.swift in Sources */ = {isa = PBXBuildFile; fileRef = 1A2902F92BCD057800862DAA /* TvMovieDemoAppUITests.swift */; };
		1A2902FC2BCD057800862DAA /* TvMovieDemoAppUITestsLaunchTests.swift in Sources */ = {isa = PBXBuildFile; fileRef = 1A2902FB2BCD057800862DAA /* TvMovieDemoAppUITestsLaunchTests.swift */; };
		1A30B8AF2BCE2DF10060EF54 /* ButtonView.swift in Sources */ = {isa = PBXBuildFile; fileRef = 1A30B8AE2BCE2DF10060EF54 /* ButtonView.swift */; };
		1A30B8B12BCE35AC0060EF54 /* ViewModel.swift in Sources */ = {isa = PBXBuildFile; fileRef = 1A30B8B02BCE35AC0060EF54 /* ViewModel.swift */; };
		1A30B8B42BCE4B910060EF54 /* NormalCollectionViewCell.swift in Sources */ = {isa = PBXBuildFile; fileRef = 1A30B8B32BCE4B910060EF54 /* NormalCollectionViewCell.swift */; };
		1A30B8B62BCE55960060EF54 /* Content.swift in Sources */ = {isa = PBXBuildFile; fileRef = 1A30B8B52BCE55960060EF54 /* Content.swift */; };
		1A30B8B82BCE57000060EF54 /* BigimageCollectionViewCell.swift in Sources */ = {isa = PBXBuildFile; fileRef = 1A30B8B72BCE57000060EF54 /* BigimageCollectionViewCell.swift */; };
		1A30B8BA2BCE5A1F0060EF54 /* ListCollectionViewCell.swift in Sources */ = {isa = PBXBuildFile; fileRef = 1A30B8B92BCE5A1F0060EF54 /* ListCollectionViewCell.swift */; };
		1A30B8BC2BCE5C190060EF54 /* HeaderView.swift in Sources */ = {isa = PBXBuildFile; fileRef = 1A30B8BB2BCE5C190060EF54 /* HeaderView.swift */; };
		1A8717562BCD069200B48F22 /* Kingfisher in Frameworks */ = {isa = PBXBuildFile; productRef = 1A8717552BCD069200B48F22 /* Kingfisher */; };
		1A87175A2BCD090900B48F22 /* SnapKit in Frameworks */ = {isa = PBXBuildFile; productRef = 1A8717592BCD090900B48F22 /* SnapKit */; };
		1A87175D2BCD092C00B48F22 /* RxCocoa in Frameworks */ = {isa = PBXBuildFile; productRef = 1A87175C2BCD092C00B48F22 /* RxCocoa */; };
		1A87175F2BCD092C00B48F22 /* RxSwift in Frameworks */ = {isa = PBXBuildFile; productRef = 1A87175E2BCD092C00B48F22 /* RxSwift */; };
		1A8717622BCD099E00B48F22 /* RxAlamofire in Frameworks */ = {isa = PBXBuildFile; productRef = 1A8717612BCD099E00B48F22 /* RxAlamofire */; };
		1A8717652BCD0F8200B48F22 /* Const.swift in Sources */ = {isa = PBXBuildFile; fileRef = 1A8717642BCD0F8200B48F22 /* Const.swift */; };
		1A8717682BCD104100B48F22 /* TV.swift in Sources */ = {isa = PBXBuildFile; fileRef = 1A8717672BCD104100B48F22 /* TV.swift */; };
		1A87176A2BCD125100B48F22 /* Movie.swift in Sources */ = {isa = PBXBuildFile; fileRef = 1A8717692BCD125100B48F22 /* Movie.swift */; };
		1A87176C2BCD135900B48F22 /* MovieResult.swift in Sources */ = {isa = PBXBuildFile; fileRef = 1A87176B2BCD135900B48F22 /* MovieResult.swift */; };
		1A87176E2BCD13D400B48F22 /* Network.swift in Sources */ = {isa = PBXBuildFile; fileRef = 1A87176D2BCD13D400B48F22 /* Network.swift */; };
		1A8717702BCD158100B48F22 /* TVNetwork.swift in Sources */ = {isa = PBXBuildFile; fileRef = 1A87176F2BCD158100B48F22 /* TVNetwork.swift */; };
		1A8717722BCD160D00B48F22 /* MovieNetwork.swift in Sources */ = {isa = PBXBuildFile; fileRef = 1A8717712BCD160D00B48F22 /* MovieNetwork.swift */; };
		1A8717742BCD169D00B48F22 /* NetworkProvider.swift in Sources */ = {isa = PBXBuildFile; fileRef = 1A8717732BCD169D00B48F22 /* NetworkProvider.swift */; };
		1AB619832BCF8B79004B4020 /* ReviewViewController.swift in Sources */ = {isa = PBXBuildFile; fileRef = 1AB619822BCF8B79004B4020 /* ReviewViewController.swift */; };
		1AB619852BCF8DA0004B4020 /* Review.swift in Sources */ = {isa = PBXBuildFile; fileRef = 1AB619842BCF8DA0004B4020 /* Review.swift */; };
		1AB619872BCF9064004B4020 /* ReviewNetwork.swift in Sources */ = {isa = PBXBuildFile; fileRef = 1AB619862BCF9064004B4020 /* ReviewNetwork.swift */; };
/* End PBXBuildFile section */

/* Begin PBXContainerItemProxy section */
		1A2902EC2BCD057800862DAA /* PBXContainerItemProxy */ = {
			isa = PBXContainerItemProxy;
			containerPortal = 1A2902CD2BCD057700862DAA /* Project object */;
			proxyType = 1;
			remoteGlobalIDString = 1A2902D42BCD057700862DAA;
			remoteInfo = TvMovieDemoApp;
		};
		1A2902F62BCD057800862DAA /* PBXContainerItemProxy */ = {
			isa = PBXContainerItemProxy;
			containerPortal = 1A2902CD2BCD057700862DAA /* Project object */;
			proxyType = 1;
			remoteGlobalIDString = 1A2902D42BCD057700862DAA;
			remoteInfo = TvMovieDemoApp;
		};
/* End PBXContainerItemProxy section */

/* Begin PBXFileReference section */
		1A28232A2BCF98FE008B2122 /* ReviewViewModel.swift */ = {isa = PBXFileReference; lastKnownFileType = sourcecode.swift; path = ReviewViewModel.swift; sourceTree = "<group>"; };
		1A28232C2BCF9D7D008B2122 /* ReviewHeaderCollectionViewCell.swift */ = {isa = PBXFileReference; lastKnownFileType = sourcecode.swift; path = ReviewHeaderCollectionViewCell.swift; sourceTree = "<group>"; };
		1A28232E2BCFA5F3008B2122 /* ReviewCollectionViewCell.swift */ = {isa = PBXFileReference; lastKnownFileType = sourcecode.swift; path = ReviewCollectionViewCell.swift; sourceTree = "<group>"; };
		1A2902D52BCD057700862DAA /* TvMovieDemoApp.app */ = {isa = PBXFileReference; explicitFileType = wrapper.application; includeInIndex = 0; path = TvMovieDemoApp.app; sourceTree = BUILT_PRODUCTS_DIR; };
		1A2902D82BCD057700862DAA /* AppDelegate.swift */ = {isa = PBXFileReference; lastKnownFileType = sourcecode.swift; path = AppDelegate.swift; sourceTree = "<group>"; };
		1A2902DA2BCD057700862DAA /* SceneDelegate.swift */ = {isa = PBXFileReference; lastKnownFileType = sourcecode.swift; path = SceneDelegate.swift; sourceTree = "<group>"; };
		1A2902DC2BCD057700862DAA /* ViewController.swift */ = {isa = PBXFileReference; lastKnownFileType = sourcecode.swift; path = ViewController.swift; sourceTree = "<group>"; };
		1A2902DF2BCD057700862DAA /* Base */ = {isa = PBXFileReference; lastKnownFileType = file.storyboard; name = Base; path = Base.lproj/Main.storyboard; sourceTree = "<group>"; };
		1A2902E12BCD057800862DAA /* Assets.xcassets */ = {isa = PBXFileReference; lastKnownFileType = folder.assetcatalog; path = Assets.xcassets; sourceTree = "<group>"; };
		1A2902E42BCD057800862DAA /* Base */ = {isa = PBXFileReference; lastKnownFileType = file.storyboard; name = Base; path = Base.lproj/LaunchScreen.storyboard; sourceTree = "<group>"; };
		1A2902E62BCD057800862DAA /* Info.plist */ = {isa = PBXFileReference; lastKnownFileType = text.plist.xml; path = Info.plist; sourceTree = "<group>"; };
		1A2902EB2BCD057800862DAA /* TvMovieDemoAppTests.xctest */ = {isa = PBXFileReference; explicitFileType = wrapper.cfbundle; includeInIndex = 0; path = TvMovieDemoAppTests.xctest; sourceTree = BUILT_PRODUCTS_DIR; };
		1A2902EF2BCD057800862DAA /* TvMovieDemoAppTests.swift */ = {isa = PBXFileReference; lastKnownFileType = sourcecode.swift; path = TvMovieDemoAppTests.swift; sourceTree = "<group>"; };
		1A2902F52BCD057800862DAA /* TvMovieDemoAppUITests.xctest */ = {isa = PBXFileReference; explicitFileType = wrapper.cfbundle; includeInIndex = 0; path = TvMovieDemoAppUITests.xctest; sourceTree = BUILT_PRODUCTS_DIR; };
		1A2902F92BCD057800862DAA /* TvMovieDemoAppUITests.swift */ = {isa = PBXFileReference; lastKnownFileType = sourcecode.swift; path = TvMovieDemoAppUITests.swift; sourceTree = "<group>"; };
		1A2902FB2BCD057800862DAA /* TvMovieDemoAppUITestsLaunchTests.swift */ = {isa = PBXFileReference; lastKnownFileType = sourcecode.swift; path = TvMovieDemoAppUITestsLaunchTests.swift; sourceTree = "<group>"; };
		1A30B8AE2BCE2DF10060EF54 /* ButtonView.swift */ = {isa = PBXFileReference; lastKnownFileType = sourcecode.swift; path = ButtonView.swift; sourceTree = "<group>"; };
		1A30B8B02BCE35AC0060EF54 /* ViewModel.swift */ = {isa = PBXFileReference; lastKnownFileType = sourcecode.swift; path = ViewModel.swift; sourceTree = "<group>"; };
		1A30B8B32BCE4B910060EF54 /* NormalCollectionViewCell.swift */ = {isa = PBXFileReference; lastKnownFileType = sourcecode.swift; path = NormalCollectionViewCell.swift; sourceTree = "<group>"; };
		1A30B8B52BCE55960060EF54 /* Content.swift */ = {isa = PBXFileReference; lastKnownFileType = sourcecode.swift; path = Content.swift; sourceTree = "<group>"; };
		1A30B8B72BCE57000060EF54 /* BigimageCollectionViewCell.swift */ = {isa = PBXFileReference; lastKnownFileType = sourcecode.swift; path = BigimageCollectionViewCell.swift; sourceTree = "<group>"; };
		1A30B8B92BCE5A1F0060EF54 /* ListCollectionViewCell.swift */ = {isa = PBXFileReference; lastKnownFileType = sourcecode.swift; path = ListCollectionViewCell.swift; sourceTree = "<group>"; };
		1A30B8BB2BCE5C190060EF54 /* HeaderView.swift */ = {isa = PBXFileReference; lastKnownFileType = sourcecode.swift; path = HeaderView.swift; sourceTree = "<group>"; };
		1A8717642BCD0F8200B48F22 /* Const.swift */ = {isa = PBXFileReference; lastKnownFileType = sourcecode.swift; path = Const.swift; sourceTree = "<group>"; };
		1A8717672BCD104100B48F22 /* TV.swift */ = {isa = PBXFileReference; lastKnownFileType = sourcecode.swift; path = TV.swift; sourceTree = "<group>"; };
		1A8717692BCD125100B48F22 /* Movie.swift */ = {isa = PBXFileReference; lastKnownFileType = sourcecode.swift; path = Movie.swift; sourceTree = "<group>"; };
		1A87176B2BCD135900B48F22 /* MovieResult.swift */ = {isa = PBXFileReference; lastKnownFileType = sourcecode.swift; path = MovieResult.swift; sourceTree = "<group>"; };
		1A87176D2BCD13D400B48F22 /* Network.swift */ = {isa = PBXFileReference; lastKnownFileType = sourcecode.swift; path = Network.swift; sourceTree = "<group>"; };
		1A87176F2BCD158100B48F22 /* TVNetwork.swift */ = {isa = PBXFileReference; lastKnownFileType = sourcecode.swift; path = TVNetwork.swift; sourceTree = "<group>"; };
		1A8717712BCD160D00B48F22 /* MovieNetwork.swift */ = {isa = PBXFileReference; lastKnownFileType = sourcecode.swift; path = MovieNetwork.swift; sourceTree = "<group>"; };
		1A8717732BCD169D00B48F22 /* NetworkProvider.swift */ = {isa = PBXFileReference; lastKnownFileType = sourcecode.swift; path = NetworkProvider.swift; sourceTree = "<group>"; };
		1AB619822BCF8B79004B4020 /* ReviewViewController.swift */ = {isa = PBXFileReference; lastKnownFileType = sourcecode.swift; path = ReviewViewController.swift; sourceTree = "<group>"; };
		1AB619842BCF8DA0004B4020 /* Review.swift */ = {isa = PBXFileReference; lastKnownFileType = sourcecode.swift; path = Review.swift; sourceTree = "<group>"; };
		1AB619862BCF9064004B4020 /* ReviewNetwork.swift */ = {isa = PBXFileReference; lastKnownFileType = sourcecode.swift; path = ReviewNetwork.swift; sourceTree = "<group>"; };
/* End PBXFileReference section */

/* Begin PBXFrameworksBuildPhase section */
		1A2902D22BCD057700862DAA /* Frameworks */ = {
			isa = PBXFrameworksBuildPhase;
			buildActionMask = 2147483647;
			files = (
				1A87175D2BCD092C00B48F22 /* RxCocoa in Frameworks */,
				1A8717562BCD069200B48F22 /* Kingfisher in Frameworks */,
				1A87175F2BCD092C00B48F22 /* RxSwift in Frameworks */,
				1A8717622BCD099E00B48F22 /* RxAlamofire in Frameworks */,
				1A87175A2BCD090900B48F22 /* SnapKit in Frameworks */,
			);
			runOnlyForDeploymentPostprocessing = 0;
		};
		1A2902E82BCD057800862DAA /* Frameworks */ = {
			isa = PBXFrameworksBuildPhase;
			buildActionMask = 2147483647;
			files = (
			);
			runOnlyForDeploymentPostprocessing = 0;
		};
		1A2902F22BCD057800862DAA /* Frameworks */ = {
			isa = PBXFrameworksBuildPhase;
			buildActionMask = 2147483647;
			files = (
			);
			runOnlyForDeploymentPostprocessing = 0;
		};
/* End PBXFrameworksBuildPhase section */

/* Begin PBXGroup section */
		1A2902CC2BCD057700862DAA = {
			isa = PBXGroup;
			children = (
				1A2902D72BCD057700862DAA /* TvMovieDemoApp */,
				1A2902EE2BCD057800862DAA /* TvMovieDemoAppTests */,
				1A2902F82BCD057800862DAA /* TvMovieDemoAppUITests */,
				1A2902D62BCD057700862DAA /* Products */,
				1A8717582BCD090900B48F22 /* Frameworks */,
			);
			sourceTree = "<group>";
		};
		1A2902D62BCD057700862DAA /* Products */ = {
			isa = PBXGroup;
			children = (
				1A2902D52BCD057700862DAA /* TvMovieDemoApp.app */,
				1A2902EB2BCD057800862DAA /* TvMovieDemoAppTests.xctest */,
				1A2902F52BCD057800862DAA /* TvMovieDemoAppUITests.xctest */,
			);
			name = Products;
			sourceTree = "<group>";
		};
		1A2902D72BCD057700862DAA /* TvMovieDemoApp */ = {
			isa = PBXGroup;
			children = (
				1AB619812BCF8B6A004B4020 /* Review */,
				1A8717632BCD0F7800B48F22 /* Network */,
				1A30B8B22BCE4B810060EF54 /* Cells */,
				1A2902D82BCD057700862DAA /* AppDelegate.swift */,
				1A2902DA2BCD057700862DAA /* SceneDelegate.swift */,
				1A2902DC2BCD057700862DAA /* ViewController.swift */,
				1A30B8B02BCE35AC0060EF54 /* ViewModel.swift */,
				1A30B8AE2BCE2DF10060EF54 /* ButtonView.swift */,
				1A2902DE2BCD057700862DAA /* Main.storyboard */,
				1A2902E12BCD057800862DAA /* Assets.xcassets */,
				1A2902E32BCD057800862DAA /* LaunchScreen.storyboard */,
				1A2902E62BCD057800862DAA /* Info.plist */,
			);
			path = TvMovieDemoApp;
			sourceTree = "<group>";
		};
		1A2902EE2BCD057800862DAA /* TvMovieDemoAppTests */ = {
			isa = PBXGroup;
			children = (
				1A2902EF2BCD057800862DAA /* TvMovieDemoAppTests.swift */,
			);
			path = TvMovieDemoAppTests;
			sourceTree = "<group>";
		};
		1A2902F82BCD057800862DAA /* TvMovieDemoAppUITests */ = {
			isa = PBXGroup;
			children = (
				1A2902F92BCD057800862DAA /* TvMovieDemoAppUITests.swift */,
				1A2902FB2BCD057800862DAA /* TvMovieDemoAppUITestsLaunchTests.swift */,
			);
			path = TvMovieDemoAppUITests;
			sourceTree = "<group>";
		};
		1A30B8B22BCE4B810060EF54 /* Cells */ = {
			isa = PBXGroup;
			children = (
				1A30B8B32BCE4B910060EF54 /* NormalCollectionViewCell.swift */,
				1A30B8B72BCE57000060EF54 /* BigimageCollectionViewCell.swift */,
				1A30B8B92BCE5A1F0060EF54 /* ListCollectionViewCell.swift */,
				1A30B8BB2BCE5C190060EF54 /* HeaderView.swift */,
				1A28232C2BCF9D7D008B2122 /* ReviewHeaderCollectionViewCell.swift */,
				1A28232E2BCFA5F3008B2122 /* ReviewCollectionViewCell.swift */,
			);
			path = Cells;
			sourceTree = "<group>";
		};
		1A8717582BCD090900B48F22 /* Frameworks */ = {
			isa = PBXGroup;
			children = (
			);
			name = Frameworks;
			sourceTree = "<group>";
		};
		1A8717632BCD0F7800B48F22 /* Network */ = {
			isa = PBXGroup;
			children = (
				1A8717662BCD103800B48F22 /* Entities */,
				1A8717642BCD0F8200B48F22 /* Const.swift */,
				1A87176D2BCD13D400B48F22 /* Network.swift */,
				1A87176F2BCD158100B48F22 /* TVNetwork.swift */,
				1A8717712BCD160D00B48F22 /* MovieNetwork.swift */,
				1AB619862BCF9064004B4020 /* ReviewNetwork.swift */,
				1A8717732BCD169D00B48F22 /* NetworkProvider.swift */,
			);
			path = Network;
			sourceTree = "<group>";
		};
		1A8717662BCD103800B48F22 /* Entities */ = {
			isa = PBXGroup;
			children = (
				1A8717672BCD104100B48F22 /* TV.swift */,
				1A8717692BCD125100B48F22 /* Movie.swift */,
				1A87176B2BCD135900B48F22 /* MovieResult.swift */,
				1A30B8B52BCE55960060EF54 /* Content.swift */,
				1AB619842BCF8DA0004B4020 /* Review.swift */,
			);
			path = Entities;
			sourceTree = "<group>";
		};
		1AB619812BCF8B6A004B4020 /* Review */ = {
			isa = PBXGroup;
			children = (
				1AB619822BCF8B79004B4020 /* ReviewViewController.swift */,
				1A28232A2BCF98FE008B2122 /* ReviewViewModel.swift */,
			);
			path = Review;
			sourceTree = "<group>";
		};
/* End PBXGroup section */

/* Begin PBXNativeTarget section */
		1A2902D42BCD057700862DAA /* TvMovieDemoApp */ = {
			isa = PBXNativeTarget;
			buildConfigurationList = 1A2902FF2BCD057800862DAA /* Build configuration list for PBXNativeTarget "TvMovieDemoApp" */;
			buildPhases = (
				1A2902D12BCD057700862DAA /* Sources */,
				1A2902D22BCD057700862DAA /* Frameworks */,
				1A2902D32BCD057700862DAA /* Resources */,
			);
			buildRules = (
			);
			dependencies = (
			);
			name = TvMovieDemoApp;
			packageProductDependencies = (
				1A8717552BCD069200B48F22 /* Kingfisher */,
				1A8717592BCD090900B48F22 /* SnapKit */,
				1A87175C2BCD092C00B48F22 /* RxCocoa */,
				1A87175E2BCD092C00B48F22 /* RxSwift */,
				1A8717612BCD099E00B48F22 /* RxAlamofire */,
			);
			productName = TvMovieDemoApp;
			productReference = 1A2902D52BCD057700862DAA /* TvMovieDemoApp.app */;
			productType = "com.apple.product-type.application";
		};
		1A2902EA2BCD057800862DAA /* TvMovieDemoAppTests */ = {
			isa = PBXNativeTarget;
			buildConfigurationList = 1A2903022BCD057800862DAA /* Build configuration list for PBXNativeTarget "TvMovieDemoAppTests" */;
			buildPhases = (
				1A2902E72BCD057800862DAA /* Sources */,
				1A2902E82BCD057800862DAA /* Frameworks */,
				1A2902E92BCD057800862DAA /* Resources */,
			);
			buildRules = (
			);
			dependencies = (
				1A2902ED2BCD057800862DAA /* PBXTargetDependency */,
			);
			name = TvMovieDemoAppTests;
			productName = TvMovieDemoAppTests;
			productReference = 1A2902EB2BCD057800862DAA /* TvMovieDemoAppTests.xctest */;
			productType = "com.apple.product-type.bundle.unit-test";
		};
		1A2902F42BCD057800862DAA /* TvMovieDemoAppUITests */ = {
			isa = PBXNativeTarget;
			buildConfigurationList = 1A2903052BCD057800862DAA /* Build configuration list for PBXNativeTarget "TvMovieDemoAppUITests" */;
			buildPhases = (
				1A2902F12BCD057800862DAA /* Sources */,
				1A2902F22BCD057800862DAA /* Frameworks */,
				1A2902F32BCD057800862DAA /* Resources */,
			);
			buildRules = (
			);
			dependencies = (
				1A2902F72BCD057800862DAA /* PBXTargetDependency */,
			);
			name = TvMovieDemoAppUITests;
			productName = TvMovieDemoAppUITests;
			productReference = 1A2902F52BCD057800862DAA /* TvMovieDemoAppUITests.xctest */;
			productType = "com.apple.product-type.bundle.ui-testing";
		};
/* End PBXNativeTarget section */

/* Begin PBXProject section */
		1A2902CD2BCD057700862DAA /* Project object */ = {
			isa = PBXProject;
			attributes = {
				BuildIndependentTargetsInParallel = 1;
				LastSwiftUpdateCheck = 1510;
				LastUpgradeCheck = 1510;
				TargetAttributes = {
					1A2902D42BCD057700862DAA = {
						CreatedOnToolsVersion = 15.1;
					};
					1A2902EA2BCD057800862DAA = {
						CreatedOnToolsVersion = 15.1;
						TestTargetID = 1A2902D42BCD057700862DAA;
					};
					1A2902F42BCD057800862DAA = {
						CreatedOnToolsVersion = 15.1;
						TestTargetID = 1A2902D42BCD057700862DAA;
					};
				};
			};
			buildConfigurationList = 1A2902D02BCD057700862DAA /* Build configuration list for PBXProject "TvMovieDemoApp" */;
			compatibilityVersion = "Xcode 14.0";
			developmentRegion = en;
			hasScannedForEncodings = 0;
			knownRegions = (
				en,
				Base,
			);
			mainGroup = 1A2902CC2BCD057700862DAA;
			packageReferences = (
				1A8717542BCD069200B48F22 /* XCRemoteSwiftPackageReference "Kingfisher" */,
				1A8717572BCD069E00B48F22 /* XCRemoteSwiftPackageReference "SnapKit" */,
				1A87175B2BCD091B00B48F22 /* XCRemoteSwiftPackageReference "RxSwift" */,
				1A8717602BCD099D00B48F22 /* XCRemoteSwiftPackageReference "RxAlamofire" */,
			);
			productRefGroup = 1A2902D62BCD057700862DAA /* Products */;
			projectDirPath = "";
			projectRoot = "";
			targets = (
				1A2902D42BCD057700862DAA /* TvMovieDemoApp */,
				1A2902EA2BCD057800862DAA /* TvMovieDemoAppTests */,
				1A2902F42BCD057800862DAA /* TvMovieDemoAppUITests */,
			);
		};
/* End PBXProject section */

/* Begin PBXResourcesBuildPhase section */
		1A2902D32BCD057700862DAA /* Resources */ = {
			isa = PBXResourcesBuildPhase;
			buildActionMask = 2147483647;
			files = (
				1A2902E52BCD057800862DAA /* LaunchScreen.storyboard in Resources */,
				1A2902E22BCD057800862DAA /* Assets.xcassets in Resources */,
				1A2902E02BCD057700862DAA /* Main.storyboard in Resources */,
			);
			runOnlyForDeploymentPostprocessing = 0;
		};
		1A2902E92BCD057800862DAA /* Resources */ = {
			isa = PBXResourcesBuildPhase;
			buildActionMask = 2147483647;
			files = (
			);
			runOnlyForDeploymentPostprocessing = 0;
		};
		1A2902F32BCD057800862DAA /* Resources */ = {
			isa = PBXResourcesBuildPhase;
			buildActionMask = 2147483647;
			files = (
			);
			runOnlyForDeploymentPostprocessing = 0;
		};
/* End PBXResourcesBuildPhase section */

/* Begin PBXSourcesBuildPhase section */
		1A2902D12BCD057700862DAA /* Sources */ = {
			isa = PBXSourcesBuildPhase;
			buildActionMask = 2147483647;
			files = (
				1A87176C2BCD135900B48F22 /* MovieResult.swift in Sources */,
				1A30B8BC2BCE5C190060EF54 /* HeaderView.swift in Sources */,
				1AB619832BCF8B79004B4020 /* ReviewViewController.swift in Sources */,
				1AB619872BCF9064004B4020 /* ReviewNetwork.swift in Sources */,
				1A2902DD2BCD057700862DAA /* ViewController.swift in Sources */,
				1A30B8AF2BCE2DF10060EF54 /* ButtonView.swift in Sources */,
				1AB619852BCF8DA0004B4020 /* Review.swift in Sources */,
				1A30B8B42BCE4B910060EF54 /* NormalCollectionViewCell.swift in Sources */,
				1A28232B2BCF98FE008B2122 /* ReviewViewModel.swift in Sources */,
				1A87176E2BCD13D400B48F22 /* Network.swift in Sources */,
				1A28232F2BCFA5F3008B2122 /* ReviewCollectionViewCell.swift in Sources */,
				1A8717702BCD158100B48F22 /* TVNetwork.swift in Sources */,
				1A8717652BCD0F8200B48F22 /* Const.swift in Sources */,
				1A30B8B12BCE35AC0060EF54 /* ViewModel.swift in Sources */,
				1A28232D2BCF9D7D008B2122 /* ReviewHeaderCollectionViewCell.swift in Sources */,
				1A30B8B62BCE55960060EF54 /* Content.swift in Sources */,
				1A8717722BCD160D00B48F22 /* MovieNetwork.swift in Sources */,
				1A87176A2BCD125100B48F22 /* Movie.swift in Sources */,
				1A8717742BCD169D00B48F22 /* NetworkProvider.swift in Sources */,
				1A30B8BA2BCE5A1F0060EF54 /* ListCollectionViewCell.swift in Sources */,
				1A2902D92BCD057700862DAA /* AppDelegate.swift in Sources */,
				1A8717682BCD104100B48F22 /* TV.swift in Sources */,
				1A30B8B82BCE57000060EF54 /* BigimageCollectionViewCell.swift in Sources */,
				1A2902DB2BCD057700862DAA /* SceneDelegate.swift in Sources */,
			);
			runOnlyForDeploymentPostprocessing = 0;
		};
		1A2902E72BCD057800862DAA /* Sources */ = {
			isa = PBXSourcesBuildPhase;
			buildActionMask = 2147483647;
			files = (
				1A2902F02BCD057800862DAA /* TvMovieDemoAppTests.swift in Sources */,
			);
			runOnlyForDeploymentPostprocessing = 0;
		};
		1A2902F12BCD057800862DAA /* Sources */ = {
			isa = PBXSourcesBuildPhase;
			buildActionMask = 2147483647;
			files = (
				1A2902FC2BCD057800862DAA /* TvMovieDemoAppUITestsLaunchTests.swift in Sources */,
				1A2902FA2BCD057800862DAA /* TvMovieDemoAppUITests.swift in Sources */,
			);
			runOnlyForDeploymentPostprocessing = 0;
		};
/* End PBXSourcesBuildPhase section */

/* Begin PBXTargetDependency section */
		1A2902ED2BCD057800862DAA /* PBXTargetDependency */ = {
			isa = PBXTargetDependency;
			target = 1A2902D42BCD057700862DAA /* TvMovieDemoApp */;
			targetProxy = 1A2902EC2BCD057800862DAA /* PBXContainerItemProxy */;
		};
		1A2902F72BCD057800862DAA /* PBXTargetDependency */ = {
			isa = PBXTargetDependency;
			target = 1A2902D42BCD057700862DAA /* TvMovieDemoApp */;
			targetProxy = 1A2902F62BCD057800862DAA /* PBXContainerItemProxy */;
		};
/* End PBXTargetDependency section */

/* Begin PBXVariantGroup section */
		1A2902DE2BCD057700862DAA /* Main.storyboard */ = {
			isa = PBXVariantGroup;
			children = (
				1A2902DF2BCD057700862DAA /* Base */,
			);
			name = Main.storyboard;
			sourceTree = "<group>";
		};
		1A2902E32BCD057800862DAA /* LaunchScreen.storyboard */ = {
			isa = PBXVariantGroup;
			children = (
				1A2902E42BCD057800862DAA /* Base */,
			);
			name = LaunchScreen.storyboard;
			sourceTree = "<group>";
		};
/* End PBXVariantGroup section */

/* Begin XCBuildConfiguration section */
		1A2902FD2BCD057800862DAA /* Debug */ = {
			isa = XCBuildConfiguration;
			buildSettings = {
				ALWAYS_SEARCH_USER_PATHS = NO;
				ASSETCATALOG_COMPILER_GENERATE_SWIFT_ASSET_SYMBOL_EXTENSIONS = YES;
				CLANG_ANALYZER_NONNULL = YES;
				CLANG_ANALYZER_NUMBER_OBJECT_CONVERSION = YES_AGGRESSIVE;
				CLANG_CXX_LANGUAGE_STANDARD = "gnu++20";
				CLANG_ENABLE_MODULES = YES;
				CLANG_ENABLE_OBJC_ARC = YES;
				CLANG_ENABLE_OBJC_WEAK = YES;
				CLANG_WARN_BLOCK_CAPTURE_AUTORELEASING = YES;
				CLANG_WARN_BOOL_CONVERSION = YES;
				CLANG_WARN_COMMA = YES;
				CLANG_WARN_CONSTANT_CONVERSION = YES;
				CLANG_WARN_DEPRECATED_OBJC_IMPLEMENTATIONS = YES;
				CLANG_WARN_DIRECT_OBJC_ISA_USAGE = YES_ERROR;
				CLANG_WARN_DOCUMENTATION_COMMENTS = YES;
				CLANG_WARN_EMPTY_BODY = YES;
				CLANG_WARN_ENUM_CONVERSION = YES;
				CLANG_WARN_INFINITE_RECURSION = YES;
				CLANG_WARN_INT_CONVERSION = YES;
				CLANG_WARN_NON_LITERAL_NULL_CONVERSION = YES;
				CLANG_WARN_OBJC_IMPLICIT_RETAIN_SELF = YES;
				CLANG_WARN_OBJC_LITERAL_CONVERSION = YES;
				CLANG_WARN_OBJC_ROOT_CLASS = YES_ERROR;
				CLANG_WARN_QUOTED_INCLUDE_IN_FRAMEWORK_HEADER = YES;
				CLANG_WARN_RANGE_LOOP_ANALYSIS = YES;
				CLANG_WARN_STRICT_PROTOTYPES = YES;
				CLANG_WARN_SUSPICIOUS_MOVE = YES;
				CLANG_WARN_UNGUARDED_AVAILABILITY = YES_AGGRESSIVE;
				CLANG_WARN_UNREACHABLE_CODE = YES;
				CLANG_WARN__DUPLICATE_METHOD_MATCH = YES;
				COPY_PHASE_STRIP = NO;
				DEBUG_INFORMATION_FORMAT = dwarf;
				ENABLE_STRICT_OBJC_MSGSEND = YES;
				ENABLE_TESTABILITY = YES;
				ENABLE_USER_SCRIPT_SANDBOXING = YES;
				GCC_C_LANGUAGE_STANDARD = gnu17;
				GCC_DYNAMIC_NO_PIC = NO;
				GCC_NO_COMMON_BLOCKS = YES;
				GCC_OPTIMIZATION_LEVEL = 0;
				GCC_PREPROCESSOR_DEFINITIONS = (
					"DEBUG=1",
					"$(inherited)",
				);
				GCC_WARN_64_TO_32_BIT_CONVERSION = YES;
				GCC_WARN_ABOUT_RETURN_TYPE = YES_ERROR;
				GCC_WARN_UNDECLARED_SELECTOR = YES;
				GCC_WARN_UNINITIALIZED_AUTOS = YES_AGGRESSIVE;
				GCC_WARN_UNUSED_FUNCTION = YES;
				GCC_WARN_UNUSED_VARIABLE = YES;
				IPHONEOS_DEPLOYMENT_TARGET = 17.2;
				LOCALIZATION_PREFERS_STRING_CATALOGS = YES;
				MTL_ENABLE_DEBUG_INFO = INCLUDE_SOURCE;
				MTL_FAST_MATH = YES;
				ONLY_ACTIVE_ARCH = YES;
				SDKROOT = iphoneos;
				SWIFT_ACTIVE_COMPILATION_CONDITIONS = "DEBUG $(inherited)";
				SWIFT_OPTIMIZATION_LEVEL = "-Onone";
			};
			name = Debug;
		};
		1A2902FE2BCD057800862DAA /* Release */ = {
			isa = XCBuildConfiguration;
			buildSettings = {
				ALWAYS_SEARCH_USER_PATHS = NO;
				ASSETCATALOG_COMPILER_GENERATE_SWIFT_ASSET_SYMBOL_EXTENSIONS = YES;
				CLANG_ANALYZER_NONNULL = YES;
				CLANG_ANALYZER_NUMBER_OBJECT_CONVERSION = YES_AGGRESSIVE;
				CLANG_CXX_LANGUAGE_STANDARD = "gnu++20";
				CLANG_ENABLE_MODULES = YES;
				CLANG_ENABLE_OBJC_ARC = YES;
				CLANG_ENABLE_OBJC_WEAK = YES;
				CLANG_WARN_BLOCK_CAPTURE_AUTORELEASING = YES;
				CLANG_WARN_BOOL_CONVERSION = YES;
				CLANG_WARN_COMMA = YES;
				CLANG_WARN_CONSTANT_CONVERSION = YES;
				CLANG_WARN_DEPRECATED_OBJC_IMPLEMENTATIONS = YES;
				CLANG_WARN_DIRECT_OBJC_ISA_USAGE = YES_ERROR;
				CLANG_WARN_DOCUMENTATION_COMMENTS = YES;
				CLANG_WARN_EMPTY_BODY = YES;
				CLANG_WARN_ENUM_CONVERSION = YES;
				CLANG_WARN_INFINITE_RECURSION = YES;
				CLANG_WARN_INT_CONVERSION = YES;
				CLANG_WARN_NON_LITERAL_NULL_CONVERSION = YES;
				CLANG_WARN_OBJC_IMPLICIT_RETAIN_SELF = YES;
				CLANG_WARN_OBJC_LITERAL_CONVERSION = YES;
				CLANG_WARN_OBJC_ROOT_CLASS = YES_ERROR;
				CLANG_WARN_QUOTED_INCLUDE_IN_FRAMEWORK_HEADER = YES;
				CLANG_WARN_RANGE_LOOP_ANALYSIS = YES;
				CLANG_WARN_STRICT_PROTOTYPES = YES;
				CLANG_WARN_SUSPICIOUS_MOVE = YES;
				CLANG_WARN_UNGUARDED_AVAILABILITY = YES_AGGRESSIVE;
				CLANG_WARN_UNREACHABLE_CODE = YES;
				CLANG_WARN__DUPLICATE_METHOD_MATCH = YES;
				COPY_PHASE_STRIP = NO;
				DEBUG_INFORMATION_FORMAT = "dwarf-with-dsym";
				ENABLE_NS_ASSERTIONS = NO;
				ENABLE_STRICT_OBJC_MSGSEND = YES;
				ENABLE_USER_SCRIPT_SANDBOXING = YES;
				GCC_C_LANGUAGE_STANDARD = gnu17;
				GCC_NO_COMMON_BLOCKS = YES;
				GCC_WARN_64_TO_32_BIT_CONVERSION = YES;
				GCC_WARN_ABOUT_RETURN_TYPE = YES_ERROR;
				GCC_WARN_UNDECLARED_SELECTOR = YES;
				GCC_WARN_UNINITIALIZED_AUTOS = YES_AGGRESSIVE;
				GCC_WARN_UNUSED_FUNCTION = YES;
				GCC_WARN_UNUSED_VARIABLE = YES;
				IPHONEOS_DEPLOYMENT_TARGET = 17.2;
				LOCALIZATION_PREFERS_STRING_CATALOGS = YES;
				MTL_ENABLE_DEBUG_INFO = NO;
				MTL_FAST_MATH = YES;
				SDKROOT = iphoneos;
				SWIFT_COMPILATION_MODE = wholemodule;
				VALIDATE_PRODUCT = YES;
			};
			name = Release;
		};
		1A2903002BCD057800862DAA /* Debug */ = {
			isa = XCBuildConfiguration;
			buildSettings = {
				ASSETCATALOG_COMPILER_APPICON_NAME = AppIcon;
				ASSETCATALOG_COMPILER_GLOBAL_ACCENT_COLOR_NAME = AccentColor;
				CODE_SIGN_STYLE = Automatic;
				CURRENT_PROJECT_VERSION = 1;
				DEVELOPMENT_TEAM = B9U954AWHU;
				GENERATE_INFOPLIST_FILE = YES;
				INFOPLIST_FILE = TvMovieDemoApp/Info.plist;
				INFOPLIST_KEY_UIApplicationSupportsIndirectInputEvents = YES;
				INFOPLIST_KEY_UILaunchStoryboardName = LaunchScreen;
				INFOPLIST_KEY_UIMainStoryboardFile = Main;
				INFOPLIST_KEY_UISupportedInterfaceOrientations_iPad = "UIInterfaceOrientationPortrait UIInterfaceOrientationPortraitUpsideDown UIInterfaceOrientationLandscapeLeft UIInterfaceOrientationLandscapeRight";
				INFOPLIST_KEY_UISupportedInterfaceOrientations_iPhone = "UIInterfaceOrientationPortrait UIInterfaceOrientationLandscapeLeft UIInterfaceOrientationLandscapeRight";
				LD_RUNPATH_SEARCH_PATHS = (
					"$(inherited)",
					"@executable_path/Frameworks",
				);
				MARKETING_VERSION = 1.0;
				PRODUCT_BUNDLE_IDENTIFIER = com.zerom.TvMovieDemoApp;
				PRODUCT_NAME = "$(TARGET_NAME)";
				SWIFT_EMIT_LOC_STRINGS = YES;
				SWIFT_VERSION = 5.0;
				TARGETED_DEVICE_FAMILY = "1,2";
			};
			name = Debug;
		};
		1A2903012BCD057800862DAA /* Release */ = {
			isa = XCBuildConfiguration;
			buildSettings = {
				ASSETCATALOG_COMPILER_APPICON_NAME = AppIcon;
				ASSETCATALOG_COMPILER_GLOBAL_ACCENT_COLOR_NAME = AccentColor;
				CODE_SIGN_STYLE = Automatic;
				CURRENT_PROJECT_VERSION = 1;
				DEVELOPMENT_TEAM = B9U954AWHU;
				GENERATE_INFOPLIST_FILE = YES;
				INFOPLIST_FILE = TvMovieDemoApp/Info.plist;
				INFOPLIST_KEY_UIApplicationSupportsIndirectInputEvents = YES;
				INFOPLIST_KEY_UILaunchStoryboardName = LaunchScreen;
				INFOPLIST_KEY_UIMainStoryboardFile = Main;
				INFOPLIST_KEY_UISupportedInterfaceOrientations_iPad = "UIInterfaceOrientationPortrait UIInterfaceOrientationPortraitUpsideDown UIInterfaceOrientationLandscapeLeft UIInterfaceOrientationLandscapeRight";
				INFOPLIST_KEY_UISupportedInterfaceOrientations_iPhone = "UIInterfaceOrientationPortrait UIInterfaceOrientationLandscapeLeft UIInterfaceOrientationLandscapeRight";
				LD_RUNPATH_SEARCH_PATHS = (
					"$(inherited)",
					"@executable_path/Frameworks",
				);
				MARKETING_VERSION = 1.0;
				PRODUCT_BUNDLE_IDENTIFIER = com.zerom.TvMovieDemoApp;
				PRODUCT_NAME = "$(TARGET_NAME)";
				SWIFT_EMIT_LOC_STRINGS = YES;
				SWIFT_VERSION = 5.0;
				TARGETED_DEVICE_FAMILY = "1,2";
			};
			name = Release;
		};
		1A2903032BCD057800862DAA /* Debug */ = {
			isa = XCBuildConfiguration;
			buildSettings = {
				ALWAYS_EMBED_SWIFT_STANDARD_LIBRARIES = YES;
				BUNDLE_LOADER = "$(TEST_HOST)";
				CODE_SIGN_STYLE = Automatic;
				CURRENT_PROJECT_VERSION = 1;
				DEVELOPMENT_TEAM = B9U954AWHU;
				GENERATE_INFOPLIST_FILE = YES;
				IPHONEOS_DEPLOYMENT_TARGET = 17.2;
				MARKETING_VERSION = 1.0;
				PRODUCT_BUNDLE_IDENTIFIER = com.zerom.TvMovieDemoAppTests;
				PRODUCT_NAME = "$(TARGET_NAME)";
				SWIFT_EMIT_LOC_STRINGS = NO;
				SWIFT_VERSION = 5.0;
				TARGETED_DEVICE_FAMILY = "1,2";
				TEST_HOST = "$(BUILT_PRODUCTS_DIR)/TvMovieDemoApp.app/$(BUNDLE_EXECUTABLE_FOLDER_PATH)/TvMovieDemoApp";
			};
			name = Debug;
		};
		1A2903042BCD057800862DAA /* Release */ = {
			isa = XCBuildConfiguration;
			buildSettings = {
				ALWAYS_EMBED_SWIFT_STANDARD_LIBRARIES = YES;
				BUNDLE_LOADER = "$(TEST_HOST)";
				CODE_SIGN_STYLE = Automatic;
				CURRENT_PROJECT_VERSION = 1;
				DEVELOPMENT_TEAM = B9U954AWHU;
				GENERATE_INFOPLIST_FILE = YES;
				IPHONEOS_DEPLOYMENT_TARGET = 17.2;
				MARKETING_VERSION = 1.0;
				PRODUCT_BUNDLE_IDENTIFIER = com.zerom.TvMovieDemoAppTests;
				PRODUCT_NAME = "$(TARGET_NAME)";
				SWIFT_EMIT_LOC_STRINGS = NO;
				SWIFT_VERSION = 5.0;
				TARGETED_DEVICE_FAMILY = "1,2";
				TEST_HOST = "$(BUILT_PRODUCTS_DIR)/TvMovieDemoApp.app/$(BUNDLE_EXECUTABLE_FOLDER_PATH)/TvMovieDemoApp";
			};
			name = Release;
		};
		1A2903062BCD057800862DAA /* Debug */ = {
			isa = XCBuildConfiguration;
			buildSettings = {
				ALWAYS_EMBED_SWIFT_STANDARD_LIBRARIES = YES;
				CODE_SIGN_STYLE = Automatic;
				CURRENT_PROJECT_VERSION = 1;
				DEVELOPMENT_TEAM = B9U954AWHU;
				GENERATE_INFOPLIST_FILE = YES;
				MARKETING_VERSION = 1.0;
				PRODUCT_BUNDLE_IDENTIFIER = com.zerom.TvMovieDemoAppUITests;
				PRODUCT_NAME = "$(TARGET_NAME)";
				SWIFT_EMIT_LOC_STRINGS = NO;
				SWIFT_VERSION = 5.0;
				TARGETED_DEVICE_FAMILY = "1,2";
				TEST_TARGET_NAME = TvMovieDemoApp;
			};
			name = Debug;
		};
		1A2903072BCD057800862DAA /* Release */ = {
			isa = XCBuildConfiguration;
			buildSettings = {
				ALWAYS_EMBED_SWIFT_STANDARD_LIBRARIES = YES;
				CODE_SIGN_STYLE = Automatic;
				CURRENT_PROJECT_VERSION = 1;
				DEVELOPMENT_TEAM = B9U954AWHU;
				GENERATE_INFOPLIST_FILE = YES;
				MARKETING_VERSION = 1.0;
				PRODUCT_BUNDLE_IDENTIFIER = com.zerom.TvMovieDemoAppUITests;
				PRODUCT_NAME = "$(TARGET_NAME)";
				SWIFT_EMIT_LOC_STRINGS = NO;
				SWIFT_VERSION = 5.0;
				TARGETED_DEVICE_FAMILY = "1,2";
				TEST_TARGET_NAME = TvMovieDemoApp;
			};
			name = Release;
		};
/* End XCBuildConfiguration section */

/* Begin XCConfigurationList section */
		1A2902D02BCD057700862DAA /* Build configuration list for PBXProject "TvMovieDemoApp" */ = {
			isa = XCConfigurationList;
			buildConfigurations = (
				1A2902FD2BCD057800862DAA /* Debug */,
				1A2902FE2BCD057800862DAA /* Release */,
			);
			defaultConfigurationIsVisible = 0;
			defaultConfigurationName = Release;
		};
		1A2902FF2BCD057800862DAA /* Build configuration list for PBXNativeTarget "TvMovieDemoApp" */ = {
			isa = XCConfigurationList;
			buildConfigurations = (
				1A2903002BCD057800862DAA /* Debug */,
				1A2903012BCD057800862DAA /* Release */,
			);
			defaultConfigurationIsVisible = 0;
			defaultConfigurationName = Release;
		};
		1A2903022BCD057800862DAA /* Build configuration list for PBXNativeTarget "TvMovieDemoAppTests" */ = {
			isa = XCConfigurationList;
			buildConfigurations = (
				1A2903032BCD057800862DAA /* Debug */,
				1A2903042BCD057800862DAA /* Release */,
			);
			defaultConfigurationIsVisible = 0;
			defaultConfigurationName = Release;
		};
		1A2903052BCD057800862DAA /* Build configuration list for PBXNativeTarget "TvMovieDemoAppUITests" */ = {
			isa = XCConfigurationList;
			buildConfigurations = (
				1A2903062BCD057800862DAA /* Debug */,
				1A2903072BCD057800862DAA /* Release */,
			);
			defaultConfigurationIsVisible = 0;
			defaultConfigurationName = Release;
		};
/* End XCConfigurationList section */

/* Begin XCRemoteSwiftPackageReference section */
		1A8717542BCD069200B48F22 /* XCRemoteSwiftPackageReference "Kingfisher" */ = {
			isa = XCRemoteSwiftPackageReference;
			repositoryURL = "https://github.com/onevcat/Kingfisher";
			requirement = {
				kind = upToNextMajorVersion;
				minimumVersion = 7.11.0;
			};
		};
		1A8717572BCD069E00B48F22 /* XCRemoteSwiftPackageReference "SnapKit" */ = {
			isa = XCRemoteSwiftPackageReference;
			repositoryURL = "https://github.com/SnapKit/SnapKit.git";
			requirement = {
				kind = upToNextMajorVersion;
				minimumVersion = 5.7.1;
			};
		};
		1A87175B2BCD091B00B48F22 /* XCRemoteSwiftPackageReference "RxSwift" */ = {
			isa = XCRemoteSwiftPackageReference;
			repositoryURL = "http://github.com/ReactiveX/RxSwift.git";
			requirement = {
				kind = upToNextMajorVersion;
				minimumVersion = 6.6.0;
			};
		};
		1A8717602BCD099D00B48F22 /* XCRemoteSwiftPackageReference "RxAlamofire" */ = {
			isa = XCRemoteSwiftPackageReference;
			repositoryURL = "https://github.com/RxSwiftCommunity/RxAlamofire";
			requirement = {
				branch = main;
				kind = branch;
			};
		};
/* End XCRemoteSwiftPackageReference section */

/* Begin XCSwiftPackageProductDependency section */
		1A8717552BCD069200B48F22 /* Kingfisher */ = {
			isa = XCSwiftPackageProductDependency;
			package = 1A8717542BCD069200B48F22 /* XCRemoteSwiftPackageReference "Kingfisher" */;
			productName = Kingfisher;
		};
		1A8717592BCD090900B48F22 /* SnapKit */ = {
			isa = XCSwiftPackageProductDependency;
			package = 1A8717572BCD069E00B48F22 /* XCRemoteSwiftPackageReference "SnapKit" */;
			productName = SnapKit;
		};
		1A87175C2BCD092C00B48F22 /* RxCocoa */ = {
			isa = XCSwiftPackageProductDependency;
			package = 1A87175B2BCD091B00B48F22 /* XCRemoteSwiftPackageReference "RxSwift" */;
			productName = RxCocoa;
		};
		1A87175E2BCD092C00B48F22 /* RxSwift */ = {
			isa = XCSwiftPackageProductDependency;
			package = 1A87175B2BCD091B00B48F22 /* XCRemoteSwiftPackageReference "RxSwift" */;
			productName = RxSwift;
		};
		1A8717612BCD099E00B48F22 /* RxAlamofire */ = {
			isa = XCSwiftPackageProductDependency;
			package = 1A8717602BCD099D00B48F22 /* XCRemoteSwiftPackageReference "RxAlamofire" */;
			productName = RxAlamofire;
		};
/* End XCSwiftPackageProductDependency section */
	};
	rootObject = 1A2902CD2BCD057700862DAA /* Project object */;
}
